
Microsoft Visual Studio Solution File, Format Version 12.00
# Visual Studio Version 17
VisualStudioVersion = 17.11.35208.52
MinimumVisualStudioVersion = 10.0.40219.1
Project("{FAE04EC0-301F-11D3-BF4B-00C04F79EFBC}") = "projekt1", "projekt1.csproj", "{6DE8AC67-FE68-46E6-8760-C730F67058E8}"
EndProject
Global
	GlobalSection(SolutionConfigurationPlatforms) = preSolution
		Debug|Any CPU = Debug|Any CPU
		Release|Any CPU = Release|Any CPU
	EndGlobalSection
	GlobalSection(ProjectConfigurationPlatforms) = postSolution
		{6DE8AC67-FE68-46E6-8760-C730F67058E8}.Debug|Any CPU.ActiveCfg = Debug|Any CPU
		{6DE8AC67-FE68-46E6-8760-C730F67058E8}.Debug|Any CPU.Build.0 = Debug|Any CPU
		{6DE8AC67-FE68-46E6-8760-C730F67058E8}.Release|Any CPU.ActiveCfg = Release|Any CPU
		{6DE8AC67-FE68-46E6-8760-C730F67058E8}.Release|Any CPU.Build.0 = Release|Any CPU
	EndGlobalSection
	GlobalSection(SolutionProperties) = preSolution
		HideSolutionNode = FALSE
	EndGlobalSection
	GlobalSection(ExtensibilityGlobals) = postSolution
		SolutionGuid = {7CF6B82B-449C-4B7D-A26C-D2F59300602A}
	EndGlobalSection
EndGlobal
